version = 1
requires-python = ">=3.12"

[[package]]
name = "annotated-types"
version = "0.7.0"
source = { registry = "https://pypi.org/simple" }
sdist = { url = "https://files.pythonhosted.org/packages/ee/67/531ea369ba64dcff5ec9c3402f9f51bf748cec26dde048a2f973a4eea7f5/annotated_types-0.7.0.tar.gz", hash = "sha256:aff07c09a53a08bc8cfccb9c85b05f1aa9a2a6f23728d790723543408344ce89", size = 16081 }
wheels = [
    { url = "https://files.pythonhosted.org/packages/78/b6/6307fbef88d9b5ee7421e68d78a9f162e0da4900bc5f5793f6d3d0e34fb8/annotated_types-0.7.0-py3-none-any.whl", hash = "sha256:1f02e8b43a8fbbc3f3e0d4f0f4bfc8131bcb4eebe8849b8e5c773f3a1c582a53", size = 13643 },
]

[[package]]
name = "anyio"
version = "4.12.1"
source = { registry = "https://pypi.org/simple" }
dependencies = [
    { name = "idna" },
    { name = "typing-extensions", marker = "python_full_version < '3.13'" },
]
sdist = { url = "https://files.pythonhosted.org/packages/96/f0/5eb65b2bb0d09ac6776f2eb54adee6abe8228ea05b20a5ad0e4945de8aac/anyio-4.12.1.tar.gz", hash = "sha256:41cfcc3a4c85d3f05c932da7c26d0201ac36f72abd4435ba90d0464a3ffed703", size = 228685 }
wheels = [
    { url = "https://files.pythonhosted.org/packages/38/0e/27be9fdef66e72d64c0cdc3cc2823101b80585f8119b5c112c2e8f5f7dab/anyio-4.12.1-py3-none-any.whl", hash = "sha256:d405828884fc140aa80a3c667b8beed277f1dfedec42ba031bd6ac3db606ab6c", size = 113592 },
]

[[package]]
name = "api-builder"
version = "0.1.0"
source = { virtual = "." }
dependencies = [
    { name = "fastapi" },
    { name = "psycopg", extra = ["binary"] },
    { name = "pydantic" },
    { name = "pydantic-settings" },
    { name = "uvicorn" },
]

[package.metadata]
requires-dist = [
    { name = "fastapi", specifier = "==0.115.8" },
    { name = "psycopg", extras = ["binary"], specifier = "==3.2.5" },
    { name = "pydantic", specifier = "==2.10.6" },
    { name = "pydantic-settings", specifier = "==2.7.1" },
    { name = "uvicorn", specifier = "==0.34.0" },
]

[[package]]
name = "click"
version = "8.3.1"
source = { registry = "https://pypi.org/simple" }
dependencies = [
    { name = "colorama", marker = "platform_system == 'Windows'" },
]
sdist = { url = "https://files.pythonhosted.org/packages/3d/fa/656b739db8587d7b5dfa22e22ed02566950fbfbcdc20311993483657a5c0/click-8.3.1.tar.gz", hash = "sha256:12ff4785d337a1bb490bb7e9c2b1ee5da3112e94a8622f26a6c77f5d2fc6842a", size = 295065 }
wheels = [
    { url = "https://files.pythonhosted.org/packages/98/78/01c019cdb5d6498122777c1a43056ebb3ebfeef2076d9d026bfe15583b2b/click-8.3.1-py3-none-any.whl", hash = "sha256:981153a64e25f12d547d3426c367a4857371575ee7ad18df2a6183ab0545b2a6", size = 108274 },
]

[[package]]
name = "colorama"
version = "0.4.6"
source = { registry = "https://pypi.org/simple" }
sdist = { url = "https://files.pythonhosted.org/packages/d8/53/6f443c9a4a8358a93a6792e2acffb9d9d5cb0a5cfd8802644b7b1c9a02e4/colorama-0.4.6.tar.gz", hash = "sha256:08695f5cb7ed6e0531a20572697297273c47b8cae5a63ffc6d6ed5c201be6e44", size = 27697 }
wheels = [
    { url = "https://files.pythonhosted.org/packages/d1/d6/3965ed04c63042e047cb6a3e6ed1a63a35087b6a609aa3a15ed8ac56c221/colorama-0.4.6-py2.py3-none-any.whl", hash = "sha256:4f1d9991f5acc0ca119f9d443620b77f9d6b33703e51011c16baf57afb285fc6", size = 25335 },
]

[[package]]
name = "fastapi"
version = "0.115.8"
source = { registry = "https://pypi.org/simple" }
dependencies = [
    { name = "pydantic" },
    { name = "starlette" },
    { name = "typing-extensions" },
]
sdist = { url = "https://files.pythonhosted.org/packages/a2/b2/5a5dc4affdb6661dea100324e19a7721d5dc524b464fe8e366c093fd7d87/fastapi-0.115.8.tar.gz", hash = "sha256:0ce9111231720190473e222cdf0f07f7206ad7e53ea02beb1d2dc36e2f0741e9", size = 295403 }
wheels = [
    { url = "https://files.pythonhosted.org/packages/8f/7d/2d6ce181d7a5f51dedb8c06206cbf0ec026a99bf145edd309f9e17c3282f/fastapi-0.115.8-py3-none-any.whl", hash = "sha256:753a96dd7e036b34eeef8babdfcfe3f28ff79648f86551eb36bfc1b0bf4a8cbf", size = 94814 },
]

[[package]]
name = "h11"
version = "0.16.0"
source = { registry = "https://pypi.org/simple" }
sdist = { url = "https://files.pythonhosted.org/packages/01/ee/02a2c011bdab74c6fb3c75474d40b3052059d95df7e73351460c8588d963/h11-0.16.0.tar.gz", hash = "sha256:4e35b956cf45792e4caa5885e69fba00bdbc6ffafbfa020300e549b208ee5ff1", size = 101250 }
wheels = [
    { url = "https://files.pythonhosted.org/packages/04/4b/29cac41a4d98d144bf5f6d33995617b185d14b22401f75ca86f384e87ff1/h11-0.16.0-py3-none-any.whl", hash = "sha256:63cf8bbe7522de3bf65932fda1d9c2772064ffb3dae62d55932da54b31cb6c86", size = 37515 },
]

[[package]]
name = "idna"
version = "3.11"
source = { registry = "https://pypi.org/simple" }
sdist = { url = "https://files.pythonhosted.org/packages/6f/6d/0703ccc57f3a7233505399edb88de3cbd678da106337b9fcde432b65ed60/idna-3.11.tar.gz", hash = "sha256:795dafcc9c04ed0c1fb032c2aa73654d8e8c5023a7df64a53f39190ada629902", size = 194582 }
wheels = [
    { url = "https://files.pythonhosted.org/packages/0e/61/66938bbb5fc52dbdf84594873d5b51fb1f7c7794e9c0f5bd885f30bc507b/idna-3.11-py3-none-any.whl", hash = "sha256:771a87f49d9defaf64091e6e6fe9c18d4833f140bd19464795bc32d966ca37ea", size = 71008 },
]

[[package]]
name = "psycopg"
version = "3.2.5"
source = { registry = "https://pypi.org/simple" }
dependencies = [
    { name = "typing-extensions", marker = "python_full_version < '3.13'" },
    { name = "tzdata", marker = "sys_platform == 'win32'" },
]
sdist = { url = "https://files.pythonhosted.org/packages/0e/cf/dc1a4d45e3c6222fe272a245c5cea9a969a7157639da606ac7f2ab5de3a1/psycopg-3.2.5.tar.gz", hash = "sha256:f5f750611c67cb200e85b408882f29265c66d1de7f813add4f8125978bfd70e8", size = 156158 }
wheels = [
    { url = "https://files.pythonhosted.org/packages/18/f3/14a1370b1449ca875d5e353ef02cb9db6b70bd46ec361c236176837c0be1/psycopg-3.2.5-py3-none-any.whl", hash = "sha256:b782130983e5b3de30b4c529623d3687033b4dafa05bb661fc6bf45837ca5879", size = 198749 },
]

[package.optional-dependencies]
binary = [
    { name = "psycopg-binary", marker = "implementation_name != 'pypy'" },
]

[[package]]
name = "psycopg-binary"
version = "3.2.5"
source = { registry = "https://pypi.org/simple" }
wheels = [
    { url = "https://files.pythonhosted.org/packages/84/eb/175a81bfd26734eeaaa39b651bc44a3c5e3fce1190963ace21e428c4d2ee/psycopg_binary-3.2.5-cp312-cp312-macosx_10_13_x86_64.whl", hash = "sha256:a4321ee8180982d70458d3e8378e31448901bf0ee40fe0d410a87413578f4098", size = 3857964 },
    { url = "https://files.pythonhosted.org/packages/ca/2e/0d57047372c3dd31becc1a48185862d7e6714ffbdc1401742a32f2294f79/psycopg_binary-3.2.5-cp312-cp312-macosx_11_0_arm64.whl", hash = "sha256:2cc86657c05e09c701e97f87132cd58e0d55381dd568520081ac1fe7580a9bbb", size = 3940056 },
    { url = "https://files.pythonhosted.org/packages/c5/2f/339a18b28787d33fe892d1ae1fbaa83739c6274327cbf9ada4158322ad9d/psycopg_binary-3.2.5-cp312-cp312-manylinux_2_17_aarch64.manylinux2014_aarch64.whl", hash = "sha256:5244bebaa9734a236b7157fb57c065b6c0f2344281916187bd73f951df1899e0", size = 4499081 },
    { url = "https://files.pythonhosted.org/packages/42/21/32d7115b2cbd87d043ad494254fd7c4c8652ac3c32f49bb571fd8111caf3/psycopg_binary-3.2.5-cp312-cp312-manylinux_2_17_i686.manylinux2014_i686.whl", hash = "sha256:21b839f9bfd77ed074f7f71464a43f453400c57d038a0ba0716329a28e335897", size = 4307502 },
    { url = "https://files.pythonhosted.org/packages/00/67/e99b58f616dd02c5e52c179b3df047d9683a9f699993cb1795ee435db598/psycopg_binary-3.2.5-cp312-cp312-manylinux_2_17_ppc64le.manylinux2014_ppc64le.whl", hash = "sha256:7376b13504396da9678b646f5338462347da01286b2a688a0d8493ec764683a2", size = 4547821 },
    { url = "https://files.pythonhosted.org/packages/0d/64/9d13ee0fed78a47c506a93d1e67ee53cc7ffd75c1f5885b59d17810fe5cd/psycopg_binary-3.2.5-cp312-cp312-manylinux_2_17_x86_64.manylinux2014_x86_64.whl", hash = "sha256:473f6827cf1faf3924eb77146d1e85126a1b5e48a88053b8d8b78dd29e971d78", size = 4259849 },
    { url = "https://files.pythonhosted.org/packages/ea/f2/172b6ebcd60a1a86f5ce1a539cfb93ffbe42fc9bc7ab2e1ed79e99a75d71/psycopg_binary-3.2.5-cp312-cp312-musllinux_1_2_aarch64.whl", hash = "sha256:28bd5cb2324567e5e70f07fe1d646398d6b0e210e28b49be0e69593590a59980", size = 3847280 },
    { url = "https://files.pythonhosted.org/packages/0f/51/9cd26c6b862d499b4b25ea173ae6e21c9d460ddce6b09cbe9501dff66211/psycopg_binary-3.2.5-cp312-cp312-musllinux_1_2_i686.whl", hash = "sha256:48f97936145cb7de18b95d85670b2d3e2c257277263272be05815b74fb0ef195", size = 3320262 },
    { url = "https://files.pythonhosted.org/packages/51/7d/2dac61ff16476e77c6ce0a49a30b130e2ba6ad08c83c4950591b4bc49cf2/psycopg_binary-3.2.5-cp312-cp312-musllinux_1_2_ppc64le.whl", hash = "sha256:8e6f2bef5aed021fbdf46323d3cd8847bf960efb56394698644a8ee2306f8892", size = 3400254 },
    { url = "https://files.pythonhosted.org/packages/45/67/bd36932c24f96dc1bc21fb18b1bdebcda7b9791067f7151a1c5dc1193e6b/psycopg_binary-3.2.5-cp312-cp312-musllinux_1_2_x86_64.whl", hash = "sha256:3d2e57a1d06f3968e49e948ba374f21a7d8dcf44f37d582a4aeddeb7c85ce239", size = 3438916 },
    { url = "https://files.pythonhosted.org/packages/00/ab/882b861cfcf83d7faffe583e1e092117cd66eacc86fb4517d27973e52f35/psycopg_binary-3.2.5-cp312-cp312-win_amd64.whl", hash = "sha256:2cbb8649cfdacbd14e17f5ab78edc52d33350013888518c73e90c5d17d7bea55", size = 2782504 },
    { url = "https://files.pythonhosted.org/packages/81/3d/26483d75e1a5daa93cbb47ee7cde96fac07a9b026058b036b00a04f5c012/psycopg_binary-3.2.5-cp313-cp313-macosx_10_13_x86_64.whl", hash = "sha256:2dbaf32c18c0d11c4480016b89c9c5cadb7b64c55de7f181d222b189bd13a558", size = 3852616 },
    { url = "https://files.pythonhosted.org/packages/90/cb/542bd0eab110ed2ddcc02cbe8f5df0afe3e86bd843c533fc6a795ffd7c0f/psycopg_binary-3.2.5-cp313-cp313-macosx_11_0_arm64.whl", hash = "sha256:ca5e36a3e7480a5c09aed99ecdb8e6554b21485c3b064297fe77f7b1b5806106", size = 3936563 },
    { url = "https://files.pythonhosted.org/packages/e1/43/2b347816983a5b0f1cc3e608eae4650422476187e047e574981081bcf9ec/psycopg_binary-3.2.5-cp313-cp313-manylinux_2_17_aarch64.manylinux2014_aarch64.whl", hash = "sha256:9abe093a303e25ac58774a11241150e2fe2947358d1ca12521ad03c90b131060", size = 4499166 },
    { url = "https://files.pythonhosted.org/packages/3f/0d/d7ac5289dfa1163b0fcce9aeb848a7f4499d7b3ef34f1de565d0ba9a51bd/psycopg_binary-3.2.5-cp313-cp313-manylinux_2_17_i686.manylinux2014_i686.whl", hash = "sha256:a91b0e096fdfeb52d86bb8f5ee25dc22483d6960af9b968e6b381a8ec5bfbf82", size = 4311647 },
    { url = "https://files.pythonhosted.org/packages/7b/a2/b238d91cbbc5953ff6910737b5a598cc4d5aad84453052005891cec329b3/psycopg_binary-3.2.5-cp313-cp313-manylinux_2_17_ppc64le.manylinux2014_ppc64le.whl", hash = "sha256:3eb71cfc35116e4a8e336b7e785f1fe06ca23b4516a48ea91facd577d1a1fdf6", size = 4547848 },
    { url = "https://files.pythonhosted.org/packages/d7/33/e78ae02d8f23753af2884303370b914a5d172f76fed13bfde380ec473f53/psycopg_binary-3.2.5-cp313-cp313-manylinux_2_17_x86_64.manylinux2014_x86_64.whl", hash = "sha256:98efaedf2bf79f4d563ca039a57a025b72847bd80568f54709cc39fc1404772c", size = 4261732 },
    { url = "https://files.pythonhosted.org/packages/44/9a/1745ff5c6e4c715aa71f3da3f393022ec0c7cc972fa0ee7296df8871d6d6/psycopg_binary-3.2.5-cp313-cp313-musllinux_1_2_aarch64.whl", hash = "sha256:ba4a610882171bdaae0779f14e0ff45f3ee271fd2dbf16cdadfc81bd67323232", size = 3850803 },
    { url = "https://files.pythonhosted.org/packages/7b/1c/933fb04560e7bcf5f24c632f9381e8700dcf8462adcd32eabd6192480d66/psycopg_binary-3.2.5-cp313-cp313-musllinux_1_2_i686.whl", hash = "sha256:1494827c43265820d5dcdc6f8086521bc7dd04b9da8831310978a788cdcd2e62", size = 3320315 },
    { url = "https://files.pythonhosted.org/packages/5d/36/111e2db9c3ff5123da4ce814aa9462d242a7c393f132a4005ec427e09903/psycopg_binary-3.2.5-cp313-cp313-musllinux_1_2_ppc64le.whl", hash = "sha256:7a94020821723a6a210206ddb458001f3ed27e1e6a0555b9422bebf7ead8ff37", size = 3403225 },
    { url = "https://files.pythonhosted.org/packages/90/04/246efe587463d13b015202ab344e12e8e30ea9ba90ca952def0469b95a9e/psycopg_binary-3.2.5-cp313-cp313-musllinux_1_2_x86_64.whl", hash = "sha256:659f2c675d478b1bc01b95a8d3ded74fa939b370e71ffbecd496f617b215eb05", size = 3440446 },
    { url = "https://files.pythonhosted.org/packages/92/75/5e15e7a6ad4c6a00fe1a28fe704310dc7f7b26dbd5e6e14c817e7899451b/psycopg_binary-3.2.5-cp313-cp313-win_amd64.whl", hash = "sha256:6b581da13126b8715c0c0585cd37ce934c9864d44b2a4019f5487c0b943275e6", size = 2783095 },
]

[[package]]
name = "pydantic"
version = "2.10.6"
source = { registry = "https://pypi.org/simple" }
dependencies = [
    { name = "annotated-types" },
    { name = "pydantic-core" },
    { name = "typing-extensions" },
]
sdist = { url = "https://files.pythonhosted.org/packages/b7/ae/d5220c5c52b158b1de7ca89fc5edb72f304a70a4c540c84c8844bf4008de/pydantic-2.10.6.tar.gz", hash = "sha256:ca5daa827cce33de7a42be142548b0096bf05a7e7b365aebfa5f8eeec7128236", size = 761681 }
wheels = [
    { url = "https://files.pythonhosted.org/packages/f4/3c/8cc1cc84deffa6e25d2d0c688ebb80635dfdbf1dbea3e30c541c8cf4d860/pydantic-2.10.6-py3-none-any.whl", hash = "sha256:427d664bf0b8a2b34ff5dd0f5a18df00591adcee7198fbd71981054cef37b584", size = 431696 },
]

[[package]]
name = "pydantic-core"
version = "2.27.2"
source = { registry = "https://pypi.org/simple" }
dependencies = [
    { name = "typing-extensions" },
]
sdist = { url = "https://files.pythonhosted.org/packages/fc/01/f3e5ac5e7c25833db5eb555f7b7ab24cd6f8c322d3a3ad2d67a952dc0abc/pydantic_core-2.27.2.tar.gz", hash = "sha256:eb026e5a4c1fee05726072337ff51d1efb6f59090b7da90d30ea58625b1ffb39", size = 413443 }
wheels = [
    { url = "https://files.pythonhosted.org/packages/d6/74/51c8a5482ca447871c93e142d9d4a92ead74de6c8dc5e66733e22c9bba89/pydantic_core-2.27.2-cp312-cp312-macosx_10_12_x86_64.whl", hash = "sha256:9e0c8cfefa0ef83b4da9588448b6d8d2a2bf1a53c3f1ae5fca39eb3061e2f0b0", size = 1893127 },
    { url = "https://files.pythonhosted.org/packages/d3/f3/c97e80721735868313c58b89d2de85fa80fe8dfeeed84dc51598b92a135e/pydantic_core-2.27.2-cp312-cp312-macosx_11_0_arm64.whl", hash = "sha256:83097677b8e3bd7eaa6775720ec8e0405f1575015a463285a92bfdfe254529ef", size = 1811340 },
    { url = "https://files.pythonhosted.org/packages/9e/91/840ec1375e686dbae1bd80a9e46c26a1e0083e1186abc610efa3d9a36180/pydantic_core-2.27.2-cp312-cp312-manylinux_2_17_aarch64.manylinux2014_aarch64.whl", hash = "sha256:172fce187655fece0c90d90a678424b013f8fbb0ca8b036ac266749c09438cb7", size = 1822900 },
    { url = "https://files.pythonhosted.org/packages/f6/31/4240bc96025035500c18adc149aa6ffdf1a0062a4b525c932065ceb4d868/pydantic_core-2.27.2-cp312-cp312-manylinux_2_17_armv7l.manylinux2014_armv7l.whl", hash = "sha256:519f29f5213271eeeeb3093f662ba2fd512b91c5f188f3bb7b27bc5973816934", size = 1869177 },
    { url = "https://files.pythonhosted.org/packages/fa/20/02fbaadb7808be578317015c462655c317a77a7c8f0ef274bc016a784c54/pydantic_core-2.27.2-cp312-cp312-manylinux_2_17_ppc64le.manylinux2014_ppc64le.whl", hash = "sha256:05e3a55d124407fffba0dd6b0c0cd056d10e983ceb4e5dbd10dda135c31071d6", size = 2038046 },
    { url = "https://files.pythonhosted.org/packages/06/86/7f306b904e6c9eccf0668248b3f272090e49c275bc488a7b88b0823444a4/pydantic_core-2.27.2-cp312-cp312-manylinux_2_17_s390x.manylinux2014_s390x.whl", hash = "sha256:9c3ed807c7b91de05e63930188f19e921d1fe90de6b4f5cd43ee7fcc3525cb8c", size = 2685386 },
    { url = "https://files.pythonhosted.org/packages/8d/f0/49129b27c43396581a635d8710dae54a791b17dfc50c70164866bbf865e3/pydantic_core-2.27.2-cp312-cp312-manylinux_2_17_x86_64.manylinux2014_x86_64.whl", hash = "sha256:6fb4aadc0b9a0c063206846d603b92030eb6f03069151a625667f982887153e2", size = 1997060 },
    { url = "https://files.pythonhosted.org/packages/0d/0f/943b4af7cd416c477fd40b187036c4f89b416a33d3cc0ab7b82708a667aa/pydantic_core-2.27.2-cp312-cp312-manylinux_2_5_i686.manylinux1_i686.whl", hash = "sha256:28ccb213807e037460326424ceb8b5245acb88f32f3d2777427476e1b32c48c4", size = 2004870 },
    { url = "https://files.pythonhosted.org/packages/35/40/aea70b5b1a63911c53a4c8117c0a828d6790483f858041f47bab0b779f44/pydantic_core-2.27.2-cp312-cp312-musllinux_1_1_aarch64.whl", hash = "sha256:de3cd1899e2c279b140adde9357c4495ed9d47131b4a4eaff9052f23398076b3", size = 1999822 },
    { url = "https://files.pythonhosted.org/packages/f2/b3/807b94fd337d58effc5498fd1a7a4d9d59af4133e83e32ae39a96fddec9d/pydantic_core-2.27.2-cp312-cp312-musllinux_1_1_armv7l.whl", hash = "sha256:220f892729375e2d736b97d0e51466252ad84c51857d4d15f5e9692f9ef12be4", size = 2130364 },
    { url = "https://files.pythonhosted.org/packages/fc/df/791c827cd4ee6efd59248dca9369fb35e80a9484462c33c6649a8d02b565/pydantic_core-2.27.2-cp312-cp312-musllinux_1_1_x86_64.whl", hash = "sha256:a0fcd29cd6b4e74fe8ddd2c90330fd8edf2e30cb52acda47f06dd615ae72da57", size = 2158303 },
    { url = "https://files.pythonhosted.org/packages/9b/67/4e197c300976af185b7cef4c02203e175fb127e414125916bf1128b639a9/pydantic_core-2.27.2-cp312-cp312-win32.whl", hash = "sha256:1e2cb691ed9834cd6a8be61228471d0a503731abfb42f82458ff27be7b2186fc", size = 1834064 },
    { url = "https://files.pythonhosted.org/packages/1f/ea/cd7209a889163b8dcca139fe32b9687dd05249161a3edda62860430457a5/pydantic_core-2.27.2-cp312-cp312-win_amd64.whl", hash = "sha256:cc3f1a99a4f4f9dd1de4fe0312c114e740b5ddead65bb4102884b384c15d8bc9", size = 1989046 },
    { url = "https://files.pythonhosted.org/packages/bc/49/c54baab2f4658c26ac633d798dab66b4c3a9bbf47cff5284e9c182f4137a/pydantic_core-2.27.2-cp312-cp312-win_arm64.whl", hash = "sha256:3911ac9284cd8a1792d3cb26a2da18f3ca26c6908cc434a18f730dc0db7bfa3b", size = 1885092 },
    { url = "https://files.pythonhosted.org/packages/41/b1/9bc383f48f8002f99104e3acff6cba1231b29ef76cfa45d1506a5cad1f84/pydantic_core-2.27.2-cp313-cp313-macosx_10_12_x86_64.whl", hash = "sha256:7d14bd329640e63852364c306f4d23eb744e0f8193148d4044dd3dacdaacbd8b", size = 1892709 },
    { url = "https://files.pythonhosted.org/packages/10/6c/e62b8657b834f3eb2961b49ec8e301eb99946245e70bf42c8817350cbefc/pydantic_core-2.27.2-cp313-cp313-macosx_11_0_arm64.whl", hash = "sha256:82f91663004eb8ed30ff478d77c4d1179b3563df6cdb15c0817cd1cdaf34d154", size = 1811273 },
    { url = "https://files.pythonhosted.org/packages/ba/15/52cfe49c8c986e081b863b102d6b859d9defc63446b642ccbbb3742bf371/pydantic_core-2.27.2-cp313-cp313-manylinux_2_17_aarch64.manylinux2014_aarch64.whl", hash = "sha256:71b24c7d61131bb83df10cc7e687433609963a944ccf45190cfc21e0887b08c9", size = 1823027 },
    { url = "https://files.pythonhosted.org/packages/b1/1c/b6f402cfc18ec0024120602bdbcebc7bdd5b856528c013bd4d13865ca473/pydantic_core-2.27.2-cp313-cp313-manylinux_2_17_armv7l.manylinux2014_armv7l.whl", hash = "sha256:fa8e459d4954f608fa26116118bb67f56b93b209c39b008277ace29937453dc9", size = 1868888 },
    { url = "https://files.pythonhosted.org/packages/bd/7b/8cb75b66ac37bc2975a3b7de99f3c6f355fcc4d89820b61dffa8f1e81677/pydantic_core-2.27.2-cp313-cp313-manylinux_2_17_ppc64le.manylinux2014_ppc64le.whl", hash = "sha256:ce8918cbebc8da707ba805b7fd0b382816858728ae7fe19a942080c24e5b7cd1", size = 2037738 },
    { url = "https://files.pythonhosted.org/packages/c8/f1/786d8fe78970a06f61df22cba58e365ce304bf9b9f46cc71c8c424e0c334/pydantic_core-2.27.2-cp313-cp313-manylinux_2_17_s390x.manylinux2014_s390x.whl", hash = "sha256:eda3f5c2a021bbc5d976107bb302e0131351c2ba54343f8a496dc8783d3d3a6a", size = 2685138 },
    { url = "https://files.pythonhosted.org/packages/a6/74/d12b2cd841d8724dc8ffb13fc5cef86566a53ed358103150209ecd5d1999/pydantic_core-2.27.2-cp313-cp313-manylinux_2_17_x86_64.manylinux2014_x86_64.whl", hash = "sha256:bd8086fa684c4775c27f03f062cbb9eaa6e17f064307e86b21b9e0abc9c0f02e", size = 1997025 },
    { url = "https://files.pythonhosted.org/packages/a0/6e/940bcd631bc4d9a06c9539b51f070b66e8f370ed0933f392db6ff350d873/pydantic_core-2.27.2-cp313-cp313-manylinux_2_5_i686.manylinux1_i686.whl", hash = "sha256:8d9b3388db186ba0c099a6d20f0604a44eabdeef1777ddd94786cdae158729e4", size = 2004633 },
    { url = "https://files.pythonhosted.org/packages/50/cc/a46b34f1708d82498c227d5d80ce615b2dd502ddcfd8376fc14a36655af1/pydantic_core-2.27.2-cp313-cp313-musllinux_1_1_aarch64.whl", hash = "sha256:7a66efda2387de898c8f38c0cf7f14fca0b51a8ef0b24bfea5849f1b3c95af27", size = 1999404 },
    { url = "https://files.pythonhosted.org/packages/ca/2d/c365cfa930ed23bc58c41463bae347d1005537dc8db79e998af8ba28d35e/pydantic_core-2.27.2-cp313-cp313-musllinux_1_1_armv7l.whl", hash = "sha256:18a101c168e4e092ab40dbc2503bdc0f62010e95d292b27827871dc85450d7ee", size = 2130130 },
    { url = "https://files.pythonhosted.org/packages/f4/d7/eb64d015c350b7cdb371145b54d96c919d4db516817f31cd1c650cae3b21/pydantic_core-2.27.2-cp313-cp313-musllinux_1_1_x86_64.whl", hash = "sha256:ba5dd002f88b78a4215ed2f8ddbdf85e8513382820ba15ad5ad8955ce0ca19a1", size = 2157946 },
    { url = "https://files.pythonhosted.org/packages/a4/99/bddde3ddde76c03b65dfd5a66ab436c4e58ffc42927d4ff1198ffbf96f5f/pydantic_core-2.27.2-cp313-cp313-win32.whl", hash = "sha256:1ebaf1d0481914d004a573394f4be3a7616334be70261007e47c2a6fe7e50130", size = 1834387 },
    { url = "https://files.pythonhosted.org/packages/71/47/82b5e846e01b26ac6f1893d3c5f9f3a2eb6ba79be26eef0b759b4fe72946/pydantic_core-2.27.2-cp313-cp313-win_amd64.whl", hash = "sha256:953101387ecf2f5652883208769a79e48db18c6df442568a0b5ccd8c2723abee", size = 1990453 },
    { url = "https://files.pythonhosted.org/packages/51/b2/b2b50d5ecf21acf870190ae5d093602d95f66c9c31f9d5de6062eb329ad1/pydantic_core-2.27.2-cp313-cp313-win_arm64.whl", hash = "sha256:ac4dbfd1691affb8f48c2c13241a2e3b60ff23247cbcf981759c768b6633cf8b", size = 1885186 },
]

[[package]]
name = "pydantic-settings"
version = "2.7.1"
source = { registry = "https://pypi.org/simple" }
dependencies = [
    { name = "pydantic" },
    { name = "python-dotenv" },
]
sdist = { url = "https://files.pythonhosted.org/packages/73/7b/c58a586cd7d9ac66d2ee4ba60ca2d241fa837c02bca9bea80a9a8c3d22a9/pydantic_settings-2.7.1.tar.gz", hash = "sha256:10c9caad35e64bfb3c2fbf70a078c0e25cc92499782e5200747f942a065dec93", size = 79920 }
wheels = [
    { url = "https://files.pythonhosted.org/packages/b4/46/93416fdae86d40879714f72956ac14df9c7b76f7d41a4d68aa9f71a0028b/pydantic_settings-2.7.1-py3-none-any.whl", hash = "sha256:590be9e6e24d06db33a4262829edef682500ef008565a969c73d39d5f8bfb3fd", size = 29718 },
]

[[package]]
name = "python-dotenv"
version = "1.2.1"
source = { registry = "https://pypi.org/simple" }
sdist = { url = "https://files.pythonhosted.org/packages/f0/26/19cadc79a718c5edbec86fd4919a6b6d3f681039a2f6d66d14be94e75fb9/python_dotenv-1.2.1.tar.gz", hash = "sha256:42667e897e16ab0d66954af0e60a9caa94f0fd4ecf3aaf6d2d260eec1aa36ad6", size = 44221 }
wheels = [
    { url = "https://files.pythonhosted.org/packages/14/1b/a298b06749107c305e1fe0f814c6c74aea7b2f1e10989cb30f544a1b3253/python_dotenv-1.2.1-py3-none-any.whl", hash = "sha256:b81ee9561e9ca4004139c6cbba3a238c32b03e4894671e181b671e8cb8425d61", size = 21230 },
]

[[package]]
name = "starlette"
version = "0.45.3"
source = { registry = "https://pypi.org/simple" }
dependencies = [
    { name = "anyio" },
]
sdist = { url = "https://files.pythonhosted.org/packages/ff/fb/2984a686808b89a6781526129a4b51266f678b2d2b97ab2d325e56116df8/starlette-0.45.3.tar.gz", hash = "sha256:2cbcba2a75806f8a41c722141486f37c28e30a0921c5f6fe4346cb0dcee1302f", size = 2574076 }
wheels = [
    { url = "https://files.pythonhosted.org/packages/d9/61/f2b52e107b1fc8944b33ef56bf6ac4ebbe16d91b94d2b87ce013bf63fb84/starlette-0.45.3-py3-none-any.whl", hash = "sha256:dfb6d332576f136ec740296c7e8bb8c8a7125044e7c6da30744718880cdd059d", size = 71507 },
]

[[package]]
name = "typing-extensions"
version = "4.15.0"
source = { registry = "https://pypi.org/simple" }
sdist = { url = "https://files.pythonhosted.org/packages/72/94/1a15dd82efb362ac84269196e94cf00f187f7ed21c242792a923cdb1c61f/typing_extensions-4.15.0.tar.gz", hash = "sha256:0cea48d173cc12fa28ecabc3b837ea3cf6f38c6d1136f85cbaaf598984861466", size = 109391 }
wheels = [
    { url = "https://files.pythonhosted.org/packages/18/67/36e9267722cc04a6b9f15c7f3441c2363321a3ea07da7ae0c0707beb2a9c/typing_extensions-4.15.0-py3-none-any.whl", hash = "sha256:f0fa19c6845758ab08074a0cfa8b7aecb71c999ca73d62883bc25cc018c4e548", size = 44614 },
]

[[package]]
name = "tzdata"
version = "2025.3"
source = { registry = "https://pypi.org/simple" }
sdist = { url = "https://files.pythonhosted.org/packages/5e/a7/c202b344c5ca7daf398f3b8a477eeb205cf3b6f32e7ec3a6bac0629ca975/tzdata-2025.3.tar.gz", hash = "sha256:de39c2ca5dc7b0344f2eba86f49d614019d29f060fc4ebc8a417896a620b56a7", size = 196772 }
wheels = [
    { url = "https://files.pythonhosted.org/packages/c7/b0/003792df09decd6849a5e39c28b513c06e84436a54440380862b5aeff25d/tzdata-2025.3-py2.py3-none-any.whl", hash = "sha256:06a47e5700f3081aab02b2e513160914ff0694bce9947d6b76ebd6bf57cfc5d1", size = 348521 },
]

[[package]]
name = "uvicorn"
version = "0.34.0"
source = { registry = "https://pypi.org/simple" }
dependencies = [
    { name = "click" },
    { name = "h11" },
]
sdist = { url = "https://files.pythonhosted.org/packages/4b/4d/938bd85e5bf2edeec766267a5015ad969730bb91e31b44021dfe8b22df6c/uvicorn-0.34.0.tar.gz", hash = "sha256:404051050cd7e905de2c9a7e61790943440b3416f49cb409f965d9dcd0fa73e9", size = 76568 }
wheels = [
    { url = "https://files.pythonhosted.org/packages/61/14/33a3a1352cfa71812a3a21e8c9bfb83f60b0011f5e36f2b1399d51928209/uvicorn-0.34.0-py3-none-any.whl", hash = "sha256:023dc038422502fa28a09c7a30bf2b6991512da7dcdb8fd35fe57cfc154126f4", size = 62315 },
]
